
Microsoft Visual Studio Solution File, Format Version 12.00
# Visual Studio 15
VisualStudioVersion = 15.0.27428.2015
MinimumVisualStudioVersion = 10.0.40219.1
Project("{FAE04EC0-301F-11D3-BF4B-00C04F79EFBC}") = "Ataskaitos2.Android", "Ataskaitos2\Ataskaitos2.Android\Ataskaitos2.Android.csproj", "{0EDAAA4F-8812-44A0-B623-FE46A12E64BA}"
EndProject
Project("{FAE04EC0-301F-11D3-BF4B-00C04F79EFBC}") = "Ataskaitos2.iOS", "Ataskaitos2\Ataskaitos2.iOS\Ataskaitos2.iOS.csproj", "{E79DD788-16BD-4AA1-B6CE-E9D1025F0829}"
EndProject
Project("{FAE04EC0-301F-11D3-BF4B-00C04F79EFBC}") = "Ataskaitos2.UWP", "Ataskaitos2\Ataskaitos2.UWP\Ataskaitos2.UWP.csproj", "{92D79395-EC4B-453D-B7BA-8CDEA2932833}"
EndProject
Project("{D954291E-2A0B-460D-934E-DC6B0785DB48}") = "Ataskaitos2", "Ataskaitos2\Ataskaitos2\Ataskaitos2.shproj", "{4D6C2359-7F01-4AAC-BB5C-FADD512853C8}"
EndProject
Global
	GlobalSection(SharedMSBuildProjectFiles) = preSolution
		Ataskaitos2\Ataskaitos2\Ataskaitos2.projitems*{0edaaa4f-8812-44a0-b623-fe46a12e64ba}*SharedItemsImports = 4
		Ataskaitos2\Ataskaitos2\Ataskaitos2.projitems*{4d6c2359-7f01-4aac-bb5c-fadd512853c8}*SharedItemsImports = 13
		Ataskaitos2\Ataskaitos2\Ataskaitos2.projitems*{92d79395-ec4b-453d-b7ba-8cdea2932833}*SharedItemsImports = 4
		Ataskaitos2\Ataskaitos2\Ataskaitos2.projitems*{e79dd788-16bd-4aa1-b6ce-e9d1025f0829}*SharedItemsImports = 4
	EndGlobalSection
	GlobalSection(SolutionConfigurationPlatforms) = preSolution
		Ad-Hoc|Any CPU = Ad-Hoc|Any CPU
		Ad-Hoc|ARM = Ad-Hoc|ARM
		Ad-Hoc|iPhone = Ad-Hoc|iPhone
		Ad-Hoc|iPhoneSimulator = Ad-Hoc|iPhoneSimulator
		Ad-Hoc|x64 = Ad-Hoc|x64
		Ad-Hoc|x86 = Ad-Hoc|x86
		AppStore|Any CPU = AppStore|Any CPU
		AppStore|ARM = AppStore|ARM
		AppStore|iPhone = AppStore|iPhone
		AppStore|iPhoneSimulator = AppStore|iPhoneSimulator
		AppStore|x64 = AppStore|x64
		AppStore|x86 = AppStore|x86
		Debug|Any CPU = Debug|Any CPU
		Debug|ARM = Debug|ARM
		Debug|iPhone = Debug|iPhone
		Debug|iPhoneSimulator = Debug|iPhoneSimulator
		Debug|x64 = Debug|x64
		Debug|x86 = Debug|x86
		Release|Any CPU = Release|Any CPU
		Release|ARM = Release|ARM
		Release|iPhone = Release|iPhone
		Release|iPhoneSimulator = Release|iPhoneSimulator
		Release|x64 = Release|x64
		Release|x86 = Release|x86
	EndGlobalSection
	GlobalSection(ProjectConfigurationPlatforms) = postSolution
		{0EDAAA4F-8812-44A0-B623-FE46A12E64BA}.Ad-Hoc|Any CPU.ActiveCfg = Release|Any CPU
		{0EDAAA4F-8812-44A0-B623-FE46A12E64BA}.Ad-Hoc|Any CPU.Build.0 = Release|Any CPU
		{0EDAAA4F-8812-44A0-B623-FE46A12E64BA}.Ad-Hoc|Any CPU.Deploy.0 = Release|Any CPU
		{0EDAAA4F-8812-44A0-B623-FE46A12E64BA}.Ad-Hoc|ARM.ActiveCfg = Release|Any CPU
		{0EDAAA4F-8812-44A0-B623-FE46A12E64BA}.Ad-Hoc|ARM.Build.0 = Release|Any CPU
		{0EDAAA4F-8812-44A0-B623-FE46A12E64BA}.Ad-Hoc|ARM.Deploy.0 = Release|Any CPU
		{0EDAAA4F-8812-44A0-B623-FE46A12E64BA}.Ad-Hoc|iPhone.ActiveCfg = Release|Any CPU
		{0EDAAA4F-8812-44A0-B623-FE46A12E64BA}.Ad-Hoc|iPhone.Build.0 = Release|Any CPU
		{0EDAAA4F-8812-44A0-B623-FE46A12E64BA}.Ad-Hoc|iPhone.Deploy.0 = Release|Any CPU
		{0EDAAA4F-8812-44A0-B623-FE46A12E64BA}.Ad-Hoc|iPhoneSimulator.ActiveCfg = Release|Any CPU
		{0EDAAA4F-8812-44A0-B623-FE46A12E64BA}.Ad-Hoc|iPhoneSimulator.Build.0 = Release|Any CPU
		{0EDAAA4F-8812-44A0-B623-FE46A12E64BA}.Ad-Hoc|iPhoneSimulator.Deploy.0 = Release|Any CPU
		{0EDAAA4F-8812-44A0-B623-FE46A12E64BA}.Ad-Hoc|x64.ActiveCfg = Release|Any CPU
		{0EDAAA4F-8812-44A0-B623-FE46A12E64BA}.Ad-Hoc|x64.Build.0 = Release|Any CPU
		{0EDAAA4F-8812-44A0-B623-FE46A12E64BA}.Ad-Hoc|x64.Deploy.0 = Release|Any CPU
		{0EDAAA4F-8812-44A0-B623-FE46A12E64BA}.Ad-Hoc|x86.ActiveCfg = Release|Any CPU
		{0EDAAA4F-8812-44A0-B623-FE46A12E64BA}.Ad-Hoc|x86.Build.0 = Release|Any CPU
		{0EDAAA4F-8812-44A0-B623-FE46A12E64BA}.Ad-Hoc|x86.Deploy.0 = Release|Any CPU
		{0EDAAA4F-8812-44A0-B623-FE46A12E64BA}.AppStore|Any CPU.ActiveCfg = Release|Any CPU
		{0EDAAA4F-8812-44A0-B623-FE46A12E64BA}.AppStore|Any CPU.Build.0 = Release|Any CPU
		{0EDAAA4F-8812-44A0-B623-FE46A12E64BA}.AppStore|Any CPU.Deploy.0 = Release|Any CPU
		{0EDAAA4F-8812-44A0-B623-FE46A12E64BA}.AppStore|ARM.ActiveCfg = Release|Any CPU
		{0EDAAA4F-8812-44A0-B623-FE46A12E64BA}.AppStore|ARM.Build.0 = Release|Any CPU
		{0EDAAA4F-8812-44A0-B623-FE46A12E64BA}.AppStore|ARM.Deploy.0 = Release|Any CPU
		{0EDAAA4F-8812-44A0-B623-FE46A12E64BA}.AppStore|iPhone.ActiveCfg = Release|Any CPU
		{0EDAAA4F-8812-44A0-B623-FE46A12E64BA}.AppStore|iPhone.Build.0 = Release|Any CPU
		{0EDAAA4F-8812-44A0-B623-FE46A12E64BA}.AppStore|iPhone.Deploy.0 = Release|Any CPU
		{0EDAAA4F-8812-44A0-B623-FE46A12E64BA}.AppStore|iPhoneSimulator.ActiveCfg = Release|Any CPU
		{0EDAAA4F-8812-44A0-B623-FE46A12E64BA}.AppStore|iPhoneSimulator.Build.0 = Release|Any CPU
		{0EDAAA4F-8812-44A0-B623-FE46A12E64BA}.AppStore|iPhoneSimulator.Deploy.0 = Release|Any CPU
		{0EDAAA4F-8812-44A0-B623-FE46A12E64BA}.AppStore|x64.ActiveCfg = Release|Any CPU
		{0EDAAA4F-8812-44A0-B623-FE46A12E64BA}.AppStore|x64.Build.0 = Release|Any CPU
		{0EDAAA4F-8812-44A0-B623-FE46A12E64BA}.AppStore|x64.Deploy.0 = Release|Any CPU
		{0EDAAA4F-8812-44A0-B623-FE46A12E64BA}.AppStore|x86.ActiveCfg = Release|Any CPU
		{0EDAAA4F-8812-44A0-B623-FE46A12E64BA}.AppStore|x86.Build.0 = Release|Any CPU
		{0EDAAA4F-8812-44A0-B623-FE46A12E64BA}.AppStore|x86.Deploy.0 = Release|Any CPU
		{0EDAAA4F-8812-44A0-B623-FE46A12E64BA}.Debug|Any CPU.ActiveCfg = Debug|Any CPU
		{0EDAAA4F-8812-44A0-B623-FE46A12E64BA}.Debug|Any CPU.Build.0 = Debug|Any CPU
		{0EDAAA4F-8812-44A0-B623-FE46A12E64BA}.Debug|Any CPU.Deploy.0 = Debug|Any CPU
		{0EDAAA4F-8812-44A0-B623-FE46A12E64BA}.Debug|ARM.ActiveCfg = Debug|Any CPU
		{0EDAAA4F-8812-44A0-B623-FE46A12E64BA}.Debug|ARM.Build.0 = Debug|Any CPU
		{0EDAAA4F-8812-44A0-B623-FE46A12E64BA}.Debug|ARM.Deploy.0 = Debug|Any CPU
		{0EDAAA4F-8812-44A0-B623-FE46A12E64BA}.Debug|iPhone.ActiveCfg = Debug|Any CPU
		{0EDAAA4F-8812-44A0-B623-FE46A12E64BA}.Debug|iPhone.Build.0 = Debug|Any CPU
		{0EDAAA4F-8812-44A0-B623-FE46A12E64BA}.Debug|iPhone.Deploy.0 = Debug|Any CPU
		{0EDAAA4F-8812-44A0-B623-FE46A12E64BA}.Debug|iPhoneSimulator.ActiveCfg = Debug|Any CPU
		{0EDAAA4F-8812-44A0-B623-FE46A12E64BA}.Debug|iPhoneSimulator.Build.0 = Debug|Any CPU
		{0EDAAA4F-8812-44A0-B623-FE46A12E64BA}.Debug|iPhoneSimulator.Deploy.0 = Debug|Any CPU
		{0EDAAA4F-8812-44A0-B623-FE46A12E64BA}.Debug|x64.ActiveCfg = Debug|Any CPU
		{0EDAAA4F-8812-44A0-B623-FE46A12E64BA}.Debug|x64.Build.0 = Debug|Any CPU
		{0EDAAA4F-8812-44A0-B623-FE46A12E64BA}.Debug|x64.Deploy.0 = Debug|Any CPU
		{0EDAAA4F-8812-44A0-B623-FE46A12E64BA}.Debug|x86.ActiveCfg = Debug|Any CPU
		{0EDAAA4F-8812-44A0-B623-FE46A12E64BA}.Debug|x86.Build.0 = Debug|Any CPU
		{0EDAAA4F-8812-44A0-B623-FE46A12E64BA}.Debug|x86.Deploy.0 = Debug|Any CPU
		{0EDAAA4F-8812-44A0-B623-FE46A12E64BA}.Release|Any CPU.ActiveCfg = Release|Any CPU
		{0EDAAA4F-8812-44A0-B623-FE46A12E64BA}.Release|Any CPU.Build.0 = Release|Any CPU
		{0EDAAA4F-8812-44A0-B623-FE46A12E64BA}.Release|Any CPU.Deploy.0 = Release|Any CPU
		{0EDAAA4F-8812-44A0-B623-FE46A12E64BA}.Release|ARM.ActiveCfg = Release|Any CPU
		{0EDAAA4F-8812-44A0-B623-FE46A12E64BA}.Release|ARM.Build.0 = Release|Any CPU
		{0EDAAA4F-8812-44A0-B623-FE46A12E64BA}.Release|ARM.Deploy.0 = Release|Any CPU
		{0EDAAA4F-8812-44A0-B623-FE46A12E64BA}.Release|iPhone.ActiveCfg = Release|Any CPU
		{0EDAAA4F-8812-44A0-B623-FE46A12E64BA}.Release|iPhone.Build.0 = Release|Any CPU
		{0EDAAA4F-8812-44A0-B623-FE46A12E64BA}.Release|iPhone.Deploy.0 = Release|Any CPU
		{0EDAAA4F-8812-44A0-B623-FE46A12E64BA}.Release|iPhoneSimulator.ActiveCfg = Release|Any CPU
		{0EDAAA4F-8812-44A0-B623-FE46A12E64BA}.Release|iPhoneSimulator.Build.0 = Release|Any CPU
		{0EDAAA4F-8812-44A0-B623-FE46A12E64BA}.Release|iPhoneSimulator.Deploy.0 = Release|Any CPU
		{0EDAAA4F-8812-44A0-B623-FE46A12E64BA}.Release|x64.ActiveCfg = Release|Any CPU
		{0EDAAA4F-8812-44A0-B623-FE46A12E64BA}.Release|x64.Build.0 = Release|Any CPU
		{0EDAAA4F-8812-44A0-B623-FE46A12E64BA}.Release|x64.Deploy.0 = Release|Any CPU
		{0EDAAA4F-8812-44A0-B623-FE46A12E64BA}.Release|x86.ActiveCfg = Release|Any CPU
		{0EDAAA4F-8812-44A0-B623-FE46A12E64BA}.Release|x86.Build.0 = Release|Any CPU
		{0EDAAA4F-8812-44A0-B623-FE46A12E64BA}.Release|x86.Deploy.0 = Release|Any CPU
		{E79DD788-16BD-4AA1-B6CE-E9D1025F0829}.Ad-Hoc|Any CPU.ActiveCfg = Ad-Hoc|iPhone
		{E79DD788-16BD-4AA1-B6CE-E9D1025F0829}.Ad-Hoc|ARM.ActiveCfg = Ad-Hoc|iPhone
		{E79DD788-16BD-4AA1-B6CE-E9D1025F0829}.Ad-Hoc|iPhone.ActiveCfg = Ad-Hoc|iPhone
		{E79DD788-16BD-4AA1-B6CE-E9D1025F0829}.Ad-Hoc|iPhone.Build.0 = Ad-Hoc|iPhone
		{E79DD788-16BD-4AA1-B6CE-E9D1025F0829}.Ad-Hoc|iPhoneSimulator.ActiveCfg = Ad-Hoc|iPhoneSimulator
		{E79DD788-16BD-4AA1-B6CE-E9D1025F0829}.Ad-Hoc|iPhoneSimulator.Build.0 = Ad-Hoc|iPhoneSimulator
		{E79DD788-16BD-4AA1-B6CE-E9D1025F0829}.Ad-Hoc|x64.ActiveCfg = Ad-Hoc|iPhone
		{E79DD788-16BD-4AA1-B6CE-E9D1025F0829}.Ad-Hoc|x86.ActiveCfg = Ad-Hoc|iPhone
		{E79DD788-16BD-4AA1-B6CE-E9D1025F0829}.AppStore|Any CPU.ActiveCfg = AppStore|iPhone
		{E79DD788-16BD-4AA1-B6CE-E9D1025F0829}.AppStore|ARM.ActiveCfg = AppStore|iPhone
		{E79DD788-16BD-4AA1-B6CE-E9D1025F0829}.AppStore|iPhone.ActiveCfg = AppStore|iPhone
		{E79DD788-16BD-4AA1-B6CE-E9D1025F0829}.AppStore|iPhone.Build.0 = AppStore|iPhone
		{E79DD788-16BD-4AA1-B6CE-E9D1025F0829}.AppStore|iPhoneSimulator.ActiveCfg = AppStore|iPhoneSimulator
		{E79DD788-16BD-4AA1-B6CE-E9D1025F0829}.AppStore|iPhoneSimulator.Build.0 = AppStore|iPhoneSimulator
		{E79DD788-16BD-4AA1-B6CE-E9D1025F0829}.AppStore|x64.ActiveCfg = AppStore|iPhone
		{E79DD788-16BD-4AA1-B6CE-E9D1025F0829}.AppStore|x86.ActiveCfg = AppStore|iPhone
		{E79DD788-16BD-4AA1-B6CE-E9D1025F0829}.Debug|Any CPU.ActiveCfg = Debug|iPhone
		{E79DD788-16BD-4AA1-B6CE-E9D1025F0829}.Debug|ARM.ActiveCfg = Debug|iPhone
		{E79DD788-16BD-4AA1-B6CE-E9D1025F0829}.Debug|iPhone.ActiveCfg = Debug|iPhone
		{E79DD788-16BD-4AA1-B6CE-E9D1025F0829}.Debug|iPhone.Build.0 = Debug|iPhone
		{E79DD788-16BD-4AA1-B6CE-E9D1025F0829}.Debug|iPhoneSimulator.ActiveCfg = Debug|iPhoneSimulator
		{E79DD788-16BD-4AA1-B6CE-E9D1025F0829}.Debug|iPhoneSimulator.Build.0 = Debug|iPhoneSimulator
		{E79DD788-16BD-4AA1-B6CE-E9D1025F0829}.Debug|x64.ActiveCfg = Debug|iPhone
		{E79DD788-16BD-4AA1-B6CE-E9D1025F0829}.Debug|x86.ActiveCfg = Debug|iPhone
		{E79DD788-16BD-4AA1-B6CE-E9D1025F0829}.Release|Any CPU.ActiveCfg = Release|iPhone
		{E79DD788-16BD-4AA1-B6CE-E9D1025F0829}.Release|ARM.ActiveCfg = Release|iPhone
		{E79DD788-16BD-4AA1-B6CE-E9D1025F0829}.Release|iPhone.ActiveCfg = Release|iPhone
		{E79DD788-16BD-4AA1-B6CE-E9D1025F0829}.Release|iPhone.Build.0 = Release|iPhone
		{E79DD788-16BD-4AA1-B6CE-E9D1025F0829}.Release|iPhoneSimulator.ActiveCfg = Release|iPhoneSimulator
		{E79DD788-16BD-4AA1-B6CE-E9D1025F0829}.Release|iPhoneSimulator.Build.0 = Release|iPhoneSimulator
		{E79DD788-16BD-4AA1-B6CE-E9D1025F0829}.Release|x64.ActiveCfg = Release|iPhone
		{E79DD788-16BD-4AA1-B6CE-E9D1025F0829}.Release|x86.ActiveCfg = Release|iPhone
		{92D79395-EC4B-453D-B7BA-8CDEA2932833}.Ad-Hoc|Any CPU.ActiveCfg = Release|x86
		{92D79395-EC4B-453D-B7BA-8CDEA2932833}.Ad-Hoc|Any CPU.Build.0 = Release|x86
		{92D79395-EC4B-453D-B7BA-8CDEA2932833}.Ad-Hoc|Any CPU.Deploy.0 = Release|x86
		{92D79395-EC4B-453D-B7BA-8CDEA2932833}.Ad-Hoc|ARM.ActiveCfg = Release|ARM
		{92D79395-EC4B-453D-B7BA-8CDEA2932833}.Ad-Hoc|ARM.Build.0 = Release|ARM
		{92D79395-EC4B-453D-B7BA-8CDEA2932833}.Ad-Hoc|ARM.Deploy.0 = Release|ARM
		{92D79395-EC4B-453D-B7BA-8CDEA2932833}.Ad-Hoc|iPhone.ActiveCfg = Release|x86
		{92D79395-EC4B-453D-B7BA-8CDEA2932833}.Ad-Hoc|iPhone.Build.0 = Release|x86
		{92D79395-EC4B-453D-B7BA-8CDEA2932833}.Ad-Hoc|iPhone.Deploy.0 = Release|x86
		{92D79395-EC4B-453D-B7BA-8CDEA2932833}.Ad-Hoc|iPhoneSimulator.ActiveCfg = Release|x86
		{92D79395-EC4B-453D-B7BA-8CDEA2932833}.Ad-Hoc|iPhoneSimulator.Build.0 = Release|x86
		{92D79395-EC4B-453D-B7BA-8CDEA2932833}.Ad-Hoc|iPhoneSimulator.Deploy.0 = Release|x86
		{92D79395-EC4B-453D-B7BA-8CDEA2932833}.Ad-Hoc|x64.ActiveCfg = Release|x64
		{92D79395-EC4B-453D-B7BA-8CDEA2932833}.Ad-Hoc|x64.Build.0 = Release|x64
		{92D79395-EC4B-453D-B7BA-8CDEA2932833}.Ad-Hoc|x64.Deploy.0 = Release|x64
		{92D79395-EC4B-453D-B7BA-8CDEA2932833}.Ad-Hoc|x86.ActiveCfg = Release|x86
		{92D79395-EC4B-453D-B7BA-8CDEA2932833}.Ad-Hoc|x86.Build.0 = Release|x86
		{92D79395-EC4B-453D-B7BA-8CDEA2932833}.Ad-Hoc|x86.Deploy.0 = Release|x86
		{92D79395-EC4B-453D-B7BA-8CDEA2932833}.AppStore|Any CPU.ActiveCfg = Release|x86
		{92D79395-EC4B-453D-B7BA-8CDEA2932833}.AppStore|Any CPU.Build.0 = Release|x86
		{92D79395-EC4B-453D-B7BA-8CDEA2932833}.AppStore|Any CPU.Deploy.0 = Release|x86
		{92D79395-EC4B-453D-B7BA-8CDEA2932833}.AppStore|ARM.ActiveCfg = Release|ARM
		{92D79395-EC4B-453D-B7BA-8CDEA2932833}.AppStore|ARM.Build.0 = Release|ARM
		{92D79395-EC4B-453D-B7BA-8CDEA2932833}.AppStore|ARM.Deploy.0 = Release|ARM
		{92D79395-EC4B-453D-B7BA-8CDEA2932833}.AppStore|iPhone.ActiveCfg = Release|x86
		{92D79395-EC4B-453D-B7BA-8CDEA2932833}.AppStore|iPhone.Build.0 = Release|x86
		{92D79395-EC4B-453D-B7BA-8CDEA2932833}.AppStore|iPhone.Deploy.0 = Release|x86
		{92D79395-EC4B-453D-B7BA-8CDEA2932833}.AppStore|iPhoneSimulator.ActiveCfg = Release|x86
		{92D79395-EC4B-453D-B7BA-8CDEA2932833}.AppStore|iPhoneSimulator.Build.0 = Release|x86
		{92D79395-EC4B-453D-B7BA-8CDEA2932833}.AppStore|iPhoneSimulator.Deploy.0 = Release|x86
		{92D79395-EC4B-453D-B7BA-8CDEA2932833}.AppStore|x64.ActiveCfg = Release|x64
		{92D79395-EC4B-453D-B7BA-8CDEA2932833}.AppStore|x64.Build.0 = Release|x64
		{92D79395-EC4B-453D-B7BA-8CDEA2932833}.AppStore|x64.Deploy.0 = Release|x64
		{92D79395-EC4B-453D-B7BA-8CDEA2932833}.AppStore|x86.ActiveCfg = Release|x86
		{92D79395-EC4B-453D-B7BA-8CDEA2932833}.AppStore|x86.Build.0 = Release|x86
		{92D79395-EC4B-453D-B7BA-8CDEA2932833}.AppStore|x86.Deploy.0 = Release|x86
		{92D79395-EC4B-453D-B7BA-8CDEA2932833}.Debug|Any CPU.ActiveCfg = Debug|x86
		{92D79395-EC4B-453D-B7BA-8CDEA2932833}.Debug|ARM.ActiveCfg = Debug|ARM
		{92D79395-EC4B-453D-B7BA-8CDEA2932833}.Debug|ARM.Build.0 = Debug|ARM
		{92D79395-EC4B-453D-B7BA-8CDEA2932833}.Debug|ARM.Deploy.0 = Debug|ARM
		{92D79395-EC4B-453D-B7BA-8CDEA2932833}.Debug|iPhone.ActiveCfg = Debug|x86
		{92D79395-EC4B-453D-B7BA-8CDEA2932833}.Debug|iPhoneSimulator.ActiveCfg = Debug|x86
		{92D79395-EC4B-453D-B7BA-8CDEA2932833}.Debug|x64.ActiveCfg = Debug|x64
		{92D79395-EC4B-453D-B7BA-8CDEA2932833}.Debug|x64.Build.0 = Debug|x64
		{92D79395-EC4B-453D-B7BA-8CDEA2932833}.Debug|x64.Deploy.0 = Debug|x64
		{92D79395-EC4B-453D-B7BA-8CDEA2932833}.Debug|x86.ActiveCfg = Debug|x86
		{92D79395-EC4B-453D-B7BA-8CDEA2932833}.Debug|x86.Build.0 = Debug|x86
		{92D79395-EC4B-453D-B7BA-8CDEA2932833}.Debug|x86.Deploy.0 = Debug|x86
		{92D79395-EC4B-453D-B7BA-8CDEA2932833}.Release|Any CPU.ActiveCfg = Release|x86
		{92D79395-EC4B-453D-B7BA-8CDEA2932833}.Release|ARM.ActiveCfg = Release|ARM
		{92D79395-EC4B-453D-B7BA-8CDEA2932833}.Release|ARM.Build.0 = Release|ARM
		{92D79395-EC4B-453D-B7BA-8CDEA2932833}.Release|ARM.Deploy.0 = Release|ARM
		{92D79395-EC4B-453D-B7BA-8CDEA2932833}.Release|iPhone.ActiveCfg = Release|x86
		{92D79395-EC4B-453D-B7BA-8CDEA2932833}.Release|iPhoneSimulator.ActiveCfg = Release|x86
		{92D79395-EC4B-453D-B7BA-8CDEA2932833}.Release|x64.ActiveCfg = Release|x64
		{92D79395-EC4B-453D-B7BA-8CDEA2932833}.Release|x64.Build.0 = Release|x64
		{92D79395-EC4B-453D-B7BA-8CDEA2932833}.Release|x64.Deploy.0 = Release|x64
		{92D79395-EC4B-453D-B7BA-8CDEA2932833}.Release|x86.ActiveCfg = Release|x86
		{92D79395-EC4B-453D-B7BA-8CDEA2932833}.Release|x86.Build.0 = Release|x86
		{92D79395-EC4B-453D-B7BA-8CDEA2932833}.Release|x86.Deploy.0 = Release|x86
	EndGlobalSection
	GlobalSection(SolutionProperties) = preSolution
		HideSolutionNode = FALSE
	EndGlobalSection
	GlobalSection(ExtensibilityGlobals) = postSolution
		SolutionGuid = {295D3EF0-FC2A-4CFD-BF5C-6937A29C8044}
	EndGlobalSection
EndGlobal
